
Microsoft Visual Studio Solution File, Format Version 12.00
# Visual Studio 15
VisualStudioVersion = 15.0.28307.271
MinimumVisualStudioVersion = 10.0.40219.1
Project("{FAE04EC0-301F-11D3-BF4B-00C04F79EFBC}") = "SpMedGroup.WebApi.Guilherme.Manha", "SpMedGroup.WebApi.Guilherme.Manha\SpMedGroup.WebApi.Guilherme.Manha.csproj", "{DDC3BE3F-2BE7-4F48-9437-3EBB50A4170C}"
EndProject
Global
	GlobalSection(SolutionConfigurationPlatforms) = preSolution
		Debug|Any CPU = Debug|Any CPU
		Release|Any CPU = Release|Any CPU
	EndGlobalSection
	GlobalSection(ProjectConfigurationPlatforms) = postSolution
		{DDC3BE3F-2BE7-4F48-9437-3EBB50A4170C}.Debug|Any CPU.ActiveCfg = Debug|Any CPU
		{DDC3BE3F-2BE7-4F48-9437-3EBB50A4170C}.Debug|Any CPU.Build.0 = Debug|Any CPU
		{DDC3BE3F-2BE7-4F48-9437-3EBB50A4170C}.Release|Any CPU.ActiveCfg = Release|Any CPU
		{DDC3BE3F-2BE7-4F48-9437-3EBB50A4170C}.Release|Any CPU.Build.0 = Release|Any CPU
	EndGlobalSection
	GlobalSection(SolutionProperties) = preSolution
		HideSolutionNode = FALSE
	EndGlobalSection
	GlobalSection(ExtensibilityGlobals) = postSolution
		SolutionGuid = {36144DB3-FEF0-4651-B4C1-81B21C4D50ED}
	EndGlobalSection
EndGlobal
